
Microsoft Visual Studio Solution File, Format Version 12.00
# Visual Studio Version 16
VisualStudioVersion = 16.0.29001.49
MinimumVisualStudioVersion = 10.0.40219.1
Project("{FAE04EC0-301F-11D3-BF4B-00C04F79EFBC}") = "PRODERE", "PRODERE.csproj", "{CA4C5B86-1D59-4254-B38B-7094050D0DBE}"
EndProject
Global
	GlobalSection(SolutionConfigurationPlatforms) = preSolution
		Debug|Any CPU = Debug|Any CPU
		Release|Any CPU = Release|Any CPU
	EndGlobalSection
	GlobalSection(ProjectConfigurationPlatforms) = postSolution
		{CA4C5B86-1D59-4254-B38B-7094050D0DBE}.Debug|Any CPU.ActiveCfg = Debug|Any CPU
		{CA4C5B86-1D59-4254-B38B-7094050D0DBE}.Debug|Any CPU.Build.0 = Debug|Any CPU
		{CA4C5B86-1D59-4254-B38B-7094050D0DBE}.Release|Any CPU.ActiveCfg = Release|Any CPU
		{CA4C5B86-1D59-4254-B38B-7094050D0DBE}.Release|Any CPU.Build.0 = Release|Any CPU
	EndGlobalSection
	GlobalSection(SolutionProperties) = preSolution
		HideSolutionNode = FALSE
	EndGlobalSection
	GlobalSection(ExtensibilityGlobals) = postSolution
		SolutionGuid = {C292BEEE-F2C6-43D9-B8FA-95A4ACDF8D39}
	EndGlobalSection
EndGlobal
